
Microsoft Visual Studio Solution File, Format Version 12.00
# Visual Studio Version 16
VisualStudioVersion = 16.0.28803.202
MinimumVisualStudioVersion = 10.0.40219.1
Project("{FAE04EC0-301F-11D3-BF4B-00C04F79EFBC}") = "Registration", "Registration\Registration.csproj", "{0E3C3DB2-0BD0-42BC-AC49-2C9006129EA1}"
EndProject
Global
	GlobalSection(SolutionConfigurationPlatforms) = preSolution
		Debug|Any CPU = Debug|Any CPU
		Release|Any CPU = Release|Any CPU
	EndGlobalSection
	GlobalSection(ProjectConfigurationPlatforms) = postSolution
		{0E3C3DB2-0BD0-42BC-AC49-2C9006129EA1}.Debug|Any CPU.ActiveCfg = Debug|Any CPU
		{0E3C3DB2-0BD0-42BC-AC49-2C9006129EA1}.Debug|Any CPU.Build.0 = Debug|Any CPU
		{0E3C3DB2-0BD0-42BC-AC49-2C9006129EA1}.Release|Any CPU.ActiveCfg = Release|Any CPU
		{0E3C3DB2-0BD0-42BC-AC49-2C9006129EA1}.Release|Any CPU.Build.0 = Release|Any CPU
	EndGlobalSection
	GlobalSection(SolutionProperties) = preSolution
		HideSolutionNode = FALSE
	EndGlobalSection
	GlobalSection(ExtensibilityGlobals) = postSolution
		SolutionGuid = {DE81A8F4-8508-44BD-B658-D65C196F1CF8}
	EndGlobalSection
EndGlobal
